
Microsoft Visual Studio Solution File, Format Version 12.00
# Visual Studio Version 16
VisualStudioVersion = 16.0.30114.105
MinimumVisualStudioVersion = 10.0.40219.1
Project("{9A19103F-16F7-4668-BE54-9A1E7A4F7556}") = "Amazonia.BLL", "Amazonia.BLL\Amazonia.BLL.csproj", "{9233D8E0-9AD9-4135-886C-E468CD355584}"
EndProject
Project("{9A19103F-16F7-4668-BE54-9A1E7A4F7556}") = "Amazonia.DAL", "Amazonia.DAL\Amazonia.DAL.csproj", "{53B0A474-3C10-4DF8-ADD9-4CFF90859DE5}"
EndProject
Project("{9A19103F-16F7-4668-BE54-9A1E7A4F7556}") = "Amazonia.WebAPI", "Amazonia.WebAPI\Amazonia.WebAPI.csproj", "{79E3AC66-1228-45CF-9991-925D2C764B0F}"
EndProject
Project("{9A19103F-16F7-4668-BE54-9A1E7A4F7556}") = "Amazonia.WebAPP", "Amazonia.WebAPP\Amazonia.WebAPP.csproj", "{DDBDE58E-20A5-40A8-B4F0-3498C9A19698}"
EndProject
Project("{9A19103F-16F7-4668-BE54-9A1E7A4F7556}") = "Amazonia.ConsoleAPP", "Amazonia.ConsoleAPP\Amazonia.ConsoleAPP.csproj", "{61A4D518-5AB8-4A04-8D2C-7601F899BDB1}"
EndProject
Project("{FAE04EC0-301F-11D3-BF4B-00C04F79EFBC}") = "Amazonia.BLL.Tests", "Amazonia.BLL.Tests\Amazonia.BLL.Tests.csproj", "{7DFC7F6C-48CD-4752-95BD-5C7DFC2A8622}"
EndProject
Global
	GlobalSection(SolutionConfigurationPlatforms) = preSolution
		Debug|Any CPU = Debug|Any CPU
		Debug|x64 = Debug|x64
		Debug|x86 = Debug|x86
		Release|Any CPU = Release|Any CPU
		Release|x64 = Release|x64
		Release|x86 = Release|x86
	EndGlobalSection
	GlobalSection(ProjectConfigurationPlatforms) = postSolution
		{9233D8E0-9AD9-4135-886C-E468CD355584}.Debug|Any CPU.ActiveCfg = Debug|Any CPU
		{9233D8E0-9AD9-4135-886C-E468CD355584}.Debug|Any CPU.Build.0 = Debug|Any CPU
		{9233D8E0-9AD9-4135-886C-E468CD355584}.Debug|x64.ActiveCfg = Debug|Any CPU
		{9233D8E0-9AD9-4135-886C-E468CD355584}.Debug|x64.Build.0 = Debug|Any CPU
		{9233D8E0-9AD9-4135-886C-E468CD355584}.Debug|x86.ActiveCfg = Debug|Any CPU
		{9233D8E0-9AD9-4135-886C-E468CD355584}.Debug|x86.Build.0 = Debug|Any CPU
		{9233D8E0-9AD9-4135-886C-E468CD355584}.Release|Any CPU.ActiveCfg = Release|Any CPU
		{9233D8E0-9AD9-4135-886C-E468CD355584}.Release|Any CPU.Build.0 = Release|Any CPU
		{9233D8E0-9AD9-4135-886C-E468CD355584}.Release|x64.ActiveCfg = Release|Any CPU
		{9233D8E0-9AD9-4135-886C-E468CD355584}.Release|x64.Build.0 = Release|Any CPU
		{9233D8E0-9AD9-4135-886C-E468CD355584}.Release|x86.ActiveCfg = Release|Any CPU
		{9233D8E0-9AD9-4135-886C-E468CD355584}.Release|x86.Build.0 = Release|Any CPU
		{53B0A474-3C10-4DF8-ADD9-4CFF90859DE5}.Debug|Any CPU.ActiveCfg = Debug|Any CPU
		{53B0A474-3C10-4DF8-ADD9-4CFF90859DE5}.Debug|Any CPU.Build.0 = Debug|Any CPU
		{53B0A474-3C10-4DF8-ADD9-4CFF90859DE5}.Debug|x64.ActiveCfg = Debug|Any CPU
		{53B0A474-3C10-4DF8-ADD9-4CFF90859DE5}.Debug|x64.Build.0 = Debug|Any CPU
		{53B0A474-3C10-4DF8-ADD9-4CFF90859DE5}.Debug|x86.ActiveCfg = Debug|Any CPU
		{53B0A474-3C10-4DF8-ADD9-4CFF90859DE5}.Debug|x86.Build.0 = Debug|Any CPU
		{53B0A474-3C10-4DF8-ADD9-4CFF90859DE5}.Release|Any CPU.ActiveCfg = Release|Any CPU
		{53B0A474-3C10-4DF8-ADD9-4CFF90859DE5}.Release|Any CPU.Build.0 = Release|Any CPU
		{53B0A474-3C10-4DF8-ADD9-4CFF90859DE5}.Release|x64.ActiveCfg = Release|Any CPU
		{53B0A474-3C10-4DF8-ADD9-4CFF90859DE5}.Release|x64.Build.0 = Release|Any CPU
		{53B0A474-3C10-4DF8-ADD9-4CFF90859DE5}.Release|x86.ActiveCfg = Release|Any CPU
		{53B0A474-3C10-4DF8-ADD9-4CFF90859DE5}.Release|x86.Build.0 = Release|Any CPU
		{79E3AC66-1228-45CF-9991-925D2C764B0F}.Debug|Any CPU.ActiveCfg = Debug|Any CPU
		{79E3AC66-1228-45CF-9991-925D2C764B0F}.Debug|Any CPU.Build.0 = Debug|Any CPU
		{79E3AC66-1228-45CF-9991-925D2C764B0F}.Debug|x64.ActiveCfg = Debug|Any CPU
		{79E3AC66-1228-45CF-9991-925D2C764B0F}.Debug|x64.Build.0 = Debug|Any CPU
		{79E3AC66-1228-45CF-9991-925D2C764B0F}.Debug|x86.ActiveCfg = Debug|Any CPU
		{79E3AC66-1228-45CF-9991-925D2C764B0F}.Debug|x86.Build.0 = Debug|Any CPU
		{79E3AC66-1228-45CF-9991-925D2C764B0F}.Release|Any CPU.ActiveCfg = Release|Any CPU
		{79E3AC66-1228-45CF-9991-925D2C764B0F}.Release|Any CPU.Build.0 = Release|Any CPU
		{79E3AC66-1228-45CF-9991-925D2C764B0F}.Release|x64.ActiveCfg = Release|Any CPU
		{79E3AC66-1228-45CF-9991-925D2C764B0F}.Release|x64.Build.0 = Release|Any CPU
		{79E3AC66-1228-45CF-9991-925D2C764B0F}.Release|x86.ActiveCfg = Release|Any CPU
		{79E3AC66-1228-45CF-9991-925D2C764B0F}.Release|x86.Build.0 = Release|Any CPU
		{DDBDE58E-20A5-40A8-B4F0-3498C9A19698}.Debug|Any CPU.ActiveCfg = Debug|Any CPU
		{DDBDE58E-20A5-40A8-B4F0-3498C9A19698}.Debug|Any CPU.Build.0 = Debug|Any CPU
		{DDBDE58E-20A5-40A8-B4F0-3498C9A19698}.Debug|x64.ActiveCfg = Debug|Any CPU
		{DDBDE58E-20A5-40A8-B4F0-3498C9A19698}.Debug|x64.Build.0 = Debug|Any CPU
		{DDBDE58E-20A5-40A8-B4F0-3498C9A19698}.Debug|x86.ActiveCfg = Debug|Any CPU
		{DDBDE58E-20A5-40A8-B4F0-3498C9A19698}.Debug|x86.Build.0 = Debug|Any CPU
		{DDBDE58E-20A5-40A8-B4F0-3498C9A19698}.Release|Any CPU.ActiveCfg = Release|Any CPU
		{DDBDE58E-20A5-40A8-B4F0-3498C9A19698}.Release|Any CPU.Build.0 = Release|Any CPU
		{DDBDE58E-20A5-40A8-B4F0-3498C9A19698}.Release|x64.ActiveCfg = Release|Any CPU
		{DDBDE58E-20A5-40A8-B4F0-3498C9A19698}.Release|x64.Build.0 = Release|Any CPU
		{DDBDE58E-20A5-40A8-B4F0-3498C9A19698}.Release|x86.ActiveCfg = Release|Any CPU
		{DDBDE58E-20A5-40A8-B4F0-3498C9A19698}.Release|x86.Build.0 = Release|Any CPU
		{61A4D518-5AB8-4A04-8D2C-7601F899BDB1}.Debug|Any CPU.ActiveCfg = Debug|Any CPU
		{61A4D518-5AB8-4A04-8D2C-7601F899BDB1}.Debug|Any CPU.Build.0 = Debug|Any CPU
		{61A4D518-5AB8-4A04-8D2C-7601F899BDB1}.Debug|x64.ActiveCfg = Debug|Any CPU
		{61A4D518-5AB8-4A04-8D2C-7601F899BDB1}.Debug|x64.Build.0 = Debug|Any CPU
		{61A4D518-5AB8-4A04-8D2C-7601F899BDB1}.Debug|x86.ActiveCfg = Debug|Any CPU
		{61A4D518-5AB8-4A04-8D2C-7601F899BDB1}.Debug|x86.Build.0 = Debug|Any CPU
		{61A4D518-5AB8-4A04-8D2C-7601F899BDB1}.Release|Any CPU.ActiveCfg = Release|Any CPU
		{61A4D518-5AB8-4A04-8D2C-7601F899BDB1}.Release|Any CPU.Build.0 = Release|Any CPU
		{61A4D518-5AB8-4A04-8D2C-7601F899BDB1}.Release|x64.ActiveCfg = Release|Any CPU
		{61A4D518-5AB8-4A04-8D2C-7601F899BDB1}.Release|x64.Build.0 = Release|Any CPU
		{61A4D518-5AB8-4A04-8D2C-7601F899BDB1}.Release|x86.ActiveCfg = Release|Any CPU
		{61A4D518-5AB8-4A04-8D2C-7601F899BDB1}.Release|x86.Build.0 = Release|Any CPU
		{7DFC7F6C-48CD-4752-95BD-5C7DFC2A8622}.Debug|Any CPU.ActiveCfg = Debug|Any CPU
		{7DFC7F6C-48CD-4752-95BD-5C7DFC2A8622}.Debug|Any CPU.Build.0 = Debug|Any CPU
		{7DFC7F6C-48CD-4752-95BD-5C7DFC2A8622}.Debug|x64.ActiveCfg = Debug|Any CPU
		{7DFC7F6C-48CD-4752-95BD-5C7DFC2A8622}.Debug|x64.Build.0 = Debug|Any CPU
		{7DFC7F6C-48CD-4752-95BD-5C7DFC2A8622}.Debug|x86.ActiveCfg = Debug|Any CPU
		{7DFC7F6C-48CD-4752-95BD-5C7DFC2A8622}.Debug|x86.Build.0 = Debug|Any CPU
		{7DFC7F6C-48CD-4752-95BD-5C7DFC2A8622}.Release|Any CPU.ActiveCfg = Release|Any CPU
		{7DFC7F6C-48CD-4752-95BD-5C7DFC2A8622}.Release|Any CPU.Build.0 = Release|Any CPU
		{7DFC7F6C-48CD-4752-95BD-5C7DFC2A8622}.Release|x64.ActiveCfg = Release|Any CPU
		{7DFC7F6C-48CD-4752-95BD-5C7DFC2A8622}.Release|x64.Build.0 = Release|Any CPU
		{7DFC7F6C-48CD-4752-95BD-5C7DFC2A8622}.Release|x86.ActiveCfg = Release|Any CPU
		{7DFC7F6C-48CD-4752-95BD-5C7DFC2A8622}.Release|x86.Build.0 = Release|Any CPU
	EndGlobalSection
	GlobalSection(SolutionProperties) = preSolution
		HideSolutionNode = FALSE
	EndGlobalSection
	GlobalSection(ExtensibilityGlobals) = postSolution
		SolutionGuid = {9FF9CBE1-B036-4692-9C8D-5EE4380078E4}
	EndGlobalSection
EndGlobal
